
Microsoft Visual Studio Solution File, Format Version 12.00
# Visual Studio Version 17
VisualStudioVersion = 17.0.31903.59
MinimumVisualStudioVersion = 10.0.40219.1
Project("{2150E333-8FDC-42A3-9474-1A3956D46DE8}") = "src", "src", "{8B5F3E1A-7C9D-4A3E-8F2B-1D3C5E7F9A1B}"
EndProject
Project("{2150E333-8FDC-42A3-9474-1A3956D46DE8}") = "tests", "tests", "{9C6F4F2B-8D0E-4B5F-9G3C-2E4D6F8A0B2C}"
EndProject
Project("{2150E333-8FDC-42A3-9474-1A3956D46DE8}") = "samples", "samples", "{0D7G5G3C-9E1F-5C6G-0H4D-3F5E7G9B1C3D}"
EndProject
Project("{2150E333-8FDC-42A3-9474-1A3956D46DE8}") = "tools", "tools", "{1E8H6H4D-0F2G-6D7H-1I5E-4G6F8H0A2D4E}"
EndProject
Project("{FAE04EC0-301F-11D3-BF4B-00C04F79EFBC}") = "Contextify.Core", "src\Contextify.Core\Contextify.Core.csproj", "{A1B2C3D4-E5F6-4A5B-8C9D-1E2F3A4B5C6D}"
EndProject
Project("{FAE04EC0-301F-11D3-BF4B-00C04F79EFBC}") = "Contextify.Transport.Http", "src\Contextify.Transport.Http\Contextify.Transport.Http.csproj", "{C3D4E5F6-A7B8-6C7D-0E1F-3A4B5C6D7E8F}"
EndProject
Project("{FAE04EC0-301F-11D3-BF4B-00C04F79EFBC}") = "Contextify.Transport.Stdio", "src\Contextify.Transport.Stdio\Contextify.Transport.Stdio.csproj", "{D4E5F6A7-B8C9-7D8E-1F2A-4B5C6D7E8F9A}"
EndProject
Project("{FAE04EC0-301F-11D3-BF4B-00C04F79EFBC}") = "Contextify.AspNetCore", "src\Contextify.AspNetCore\Contextify.AspNetCore.csproj", "{E5F6A7B8-C9D0-8E9F-2A3B-5C6D7E8F9A0B}"
EndProject
Project("{FAE04EC0-301F-11D3-BF4B-00C04F79EFBC}") = "Contextify.OpenApi", "src\Contextify.OpenApi\Contextify.OpenApi.csproj", "{F6A7B8C9-D0E1-9F0A-3B4C-6D7E8F9A0B1C}"
EndProject
Project("{FAE04EC0-301F-11D3-BF4B-00C04F79EFBC}") = "Contextify.Config.AppSettings", "src\Contextify.Config.AppSettings\Contextify.Config.AppSettings.csproj", "{B8C9D0E1-F2A3-1B2C-5D6E-8F9A0B1C2D3E}"
EndProject
Project("{FAE04EC0-301F-11D3-BF4B-00C04F79EFBC}") = "Contextify.Config.Consul", "src\Contextify.Config.Consul\Contextify.Config.Consul.csproj", "{C9D0E1F2-A3B4-2C3D-6E7F-9A0B1C2D3E4F}"
EndProject
Project("{FAE04EC0-301F-11D3-BF4B-00C04F79EFBC}") = "Contextify.Actions.Defaults", "src\Contextify.Actions.Defaults\Contextify.Actions.Defaults.csproj", "{E1F2A3B4-C5D6-4E5F-8A9B-1C2D3E4F5A6B}"
EndProject
Project("{FAE04EC0-301F-11D3-BF4B-00C04F79EFBC}") = "Contextify.Mcp.OfficialAdapter", "src\Contextify.Mcp.OfficialAdapter\Contextify.Mcp.OfficialAdapter.csproj", "{A3B4C5D6-E7F8-6A7B-0C1D-3E4F5A6B7C8D}"
EndProject
Project("{FAE04EC0-301F-11D3-BF4B-00C04F79EFBC}") = "Contextify.Gateway.Core", "src\Contextify.Gateway.Core\Contextify.Gateway.Core.csproj", "{B4C5D6E7-F8A9-7B8C-1D2E-4F5A6B7C8D9E}"
EndProject
Project("{FAE04EC0-301F-11D3-BF4B-00C04F79EFBC}") = "Contextify.UnitTests", "tests\Contextify.UnitTests\Contextify.UnitTests.csproj", "{D6E7F8A9-B0C1-9D0E-3F4A-6B7C8D9E0F1A}"
EndProject
Project("{FAE04EC0-301F-11D3-BF4B-00C04F79EFBC}") = "Contextify.Actions.Defaults.UnitTests", "tests\Contextify.Actions.Defaults.UnitTests\Contextify.Actions.Defaults.UnitTests.csproj", "{F8A9B0C1-D2E3-1F2A-5B6C-8D9E0F1A2B3C}"
EndProject
Project("{FAE04EC0-301F-11D3-BF4B-00C04F79EFBC}") = "Contextify.OpenApi.UnitTests", "tests\Contextify.OpenApi.UnitTests\Contextify.OpenApi.UnitTests.csproj", "{09B1C2D3-E3F4-2G3H-4I5J-6K7L8M9N0O1P}"
EndProject
Project("{FAE04EC0-301F-11D3-BF4B-00C04F79EFBC}") = "Contextify.LoadRunner", "tools\Contextify.LoadRunner\Contextify.LoadRunner.csproj", "{32F4G5G4D-1H3G-7E8I-2J6F-5G7H9I1B3D5F}"
EndProject
Project("{FAE04EC0-301F-11D3-BF4B-00C04F79EFBC}") = "Contextify.Abstractions", "src\Contextify.Abstractions\Contextify.Abstractions.csproj", "{03A5E61B-011B-41B0-B37D-E481CCA80C89}"
EndProject
Project("{FAE04EC0-301F-11D3-BF4B-00C04F79EFBC}") = "Basic.Http", "samples\Basic.Http\Basic.Http.csproj", "{B8C15072-65B0-4C0B-890E-B9F8838B9794}"
EndProject
Project("{FAE04EC0-301F-11D3-BF4B-00C04F79EFBC}") = "Advanced.Features", "samples\Advanced.Features\Advanced.Features.csproj", "{4F7EB85E-010A-4A6E-B5CE-5ACB5586897F}"
EndProject
Project("{FAE04EC0-301F-11D3-BF4B-00C04F79EFBC}") = "Configuration.Demo", "samples\Configuration.Demo\Configuration.Demo.csproj", "{8E8B5D65-0BD2-4387-8585-9ACCFCC499E3}"
EndProject
Project("{FAE04EC0-301F-11D3-BF4B-00C04F79EFBC}") = "Gateway.Sample", "samples\Gateway.Sample\Gateway.Sample.csproj", "{524521DF-AA6F-44D1-A96F-46FFF3ECFD0E}"
EndProject
Project("{FAE04EC0-301F-11D3-BF4B-00C04F79EFBC}") = "Consul.Sample", "samples\Consul.Sample\Consul.Sample.csproj", "{02676345-7AF4-4974-AEA4-3A4D7D1E78C3}"
EndProject
Global
	GlobalSection(SolutionConfigurationPlatforms) = preSolution
		Debug|Any CPU = Debug|Any CPU
		Release|Any CPU = Release|Any CPU
	EndGlobalSection
	GlobalSection(ProjectConfigurationPlatforms) = postSolution
		{A1B2C3D4-E5F6-4A5B-8C9D-1E2F3A4B5C6D}.Debug|Any CPU.ActiveCfg = Debug|Any CPU
		{A1B2C3D4-E5F6-4A5B-8C9D-1E2F3A4B5C6D}.Debug|Any CPU.Build.0 = Debug|Any CPU
		{A1B2C3D4-E5F6-4A5B-8C9D-1E2F3A4B5C6D}.Release|Any CPU.ActiveCfg = Release|Any CPU
		{A1B2C3D4-E5F6-4A5B-8C9D-1E2F3A4B5C6D}.Release|Any CPU.Build.0 = Release|Any CPU
		{C3D4E5F6-A7B8-6C7D-0E1F-3A4B5C6D7E8F}.Debug|Any CPU.ActiveCfg = Debug|Any CPU
		{C3D4E5F6-A7B8-6C7D-0E1F-3A4B5C6D7E8F}.Debug|Any CPU.Build.0 = Debug|Any CPU
		{C3D4E5F6-A7B8-6C7D-0E1F-3A4B5C6D7E8F}.Release|Any CPU.ActiveCfg = Release|Any CPU
		{C3D4E5F6-A7B8-6C7D-0E1F-3A4B5C6D7E8F}.Release|Any CPU.Build.0 = Release|Any CPU
		{D4E5F6A7-B8C9-7D8E-1F2A-4B5C6D7E8F9A}.Debug|Any CPU.ActiveCfg = Debug|Any CPU
		{D4E5F6A7-B8C9-7D8E-1F2A-4B5C6D7E8F9A}.Debug|Any CPU.Build.0 = Debug|Any CPU
		{D4E5F6A7-B8C9-7D8E-1F2A-4B5C6D7E8F9A}.Release|Any CPU.ActiveCfg = Release|Any CPU
		{D4E5F6A7-B8C9-7D8E-1F2A-4B5C6D7E8F9A}.Release|Any CPU.Build.0 = Release|Any CPU
		{E5F6A7B8-C9D0-8E9F-2A3B-5C6D7E8F9A0B}.Debug|Any CPU.ActiveCfg = Debug|Any CPU
		{E5F6A7B8-C9D0-8E9F-2A3B-5C6D7E8F9A0B}.Debug|Any CPU.Build.0 = Debug|Any CPU
		{E5F6A7B8-C9D0-8E9F-2A3B-5C6D7E8F9A0B}.Release|Any CPU.ActiveCfg = Release|Any CPU
		{E5F6A7B8-C9D0-8E9F-2A3B-5C6D7E8F9A0B}.Release|Any CPU.Build.0 = Release|Any CPU
		{F6A7B8C9-D0E1-9F0A-3B4C-6D7E8F9A0B1C}.Debug|Any CPU.ActiveCfg = Debug|Any CPU
		{F6A7B8C9-D0E1-9F0A-3B4C-6D7E8F9A0B1C}.Debug|Any CPU.Build.0 = Debug|Any CPU
		{F6A7B8C9-D0E1-9F0A-3B4C-6D7E8F9A0B1C}.Release|Any CPU.ActiveCfg = Release|Any CPU
		{F6A7B8C9-D0E1-9F0A-3B4C-6D7E8F9A0B1C}.Release|Any CPU.Build.0 = Release|Any CPU
		{B8C9D0E1-F2A3-1B2C-5D6E-8F9A0B1C2D3E}.Debug|Any CPU.ActiveCfg = Debug|Any CPU
		{B8C9D0E1-F2A3-1B2C-5D6E-8F9A0B1C2D3E}.Debug|Any CPU.Build.0 = Debug|Any CPU
		{B8C9D0E1-F2A3-1B2C-5D6E-8F9A0B1C2D3E}.Release|Any CPU.ActiveCfg = Release|Any CPU
		{B8C9D0E1-F2A3-1B2C-5D6E-8F9A0B1C2D3E}.Release|Any CPU.Build.0 = Release|Any CPU
		{C9D0E1F2-A3B4-2C3D-6E7F-9A0B1C2D3E4F}.Debug|Any CPU.ActiveCfg = Debug|Any CPU
		{C9D0E1F2-A3B4-2C3D-6E7F-9A0B1C2D3E4F}.Debug|Any CPU.Build.0 = Debug|Any CPU
		{C9D0E1F2-A3B4-2C3D-6E7F-9A0B1C2D3E4F}.Release|Any CPU.ActiveCfg = Release|Any CPU
		{C9D0E1F2-A3B4-2C3D-6E7F-9A0B1C2D3E4F}.Release|Any CPU.Build.0 = Release|Any CPU
		{E1F2A3B4-C5D6-4E5F-8A9B-1C2D3E4F5A6B}.Debug|Any CPU.ActiveCfg = Debug|Any CPU
		{E1F2A3B4-C5D6-4E5F-8A9B-1C2D3E4F5A6B}.Debug|Any CPU.Build.0 = Debug|Any CPU
		{E1F2A3B4-C5D6-4E5F-8A9B-1C2D3E4F5A6B}.Release|Any CPU.ActiveCfg = Release|Any CPU
		{E1F2A3B4-C5D6-4E5F-8A9B-1C2D3E4F5A6B}.Release|Any CPU.Build.0 = Release|Any CPU
		{A3B4C5D6-E7F8-6A7B-0C1D-3E4F5A6B7C8D}.Debug|Any CPU.ActiveCfg = Debug|Any CPU
		{A3B4C5D6-E7F8-6A7B-0C1D-3E4F5A6B7C8D}.Debug|Any CPU.Build.0 = Debug|Any CPU
		{A3B4C5D6-E7F8-6A7B-0C1D-3E4F5A6B7C8D}.Release|Any CPU.ActiveCfg = Release|Any CPU
		{A3B4C5D6-E7F8-6A7B-0C1D-3E4F5A6B7C8D}.Release|Any CPU.Build.0 = Release|Any CPU
		{B4C5D6E7-F8A9-7B8C-1D2E-4F5A6B7C8D9E}.Debug|Any CPU.ActiveCfg = Debug|Any CPU
		{B4C5D6E7-F8A9-7B8C-1D2E-4F5A6B7C8D9E}.Debug|Any CPU.Build.0 = Debug|Any CPU
		{B4C5D6E7-F8A9-7B8C-1D2E-4F5A6B7C8D9E}.Release|Any CPU.ActiveCfg = Release|Any CPU
		{B4C5D6E7-F8A9-7B8C-1D2E-4F5A6B7C8D9E}.Release|Any CPU.Build.0 = Release|Any CPU
		{D6E7F8A9-B0C1-9D0E-3F4A-6B7C8D9E0F1A}.Debug|Any CPU.ActiveCfg = Debug|Any CPU
		{D6E7F8A9-B0C1-9D0E-3F4A-6B7C8D9E0F1A}.Debug|Any CPU.Build.0 = Debug|Any CPU
		{D6E7F8A9-B0C1-9D0E-3F4A-6B7C8D9E0F1A}.Release|Any CPU.ActiveCfg = Release|Any CPU
		{D6E7F8A9-B0C1-9D0E-3F4A-6B7C8D9E0F1A}.Release|Any CPU.Build.0 = Release|Any CPU
		{F8A9B0C1-D2E3-1F2A-5B6C-8D9E0F1A2B3C}.Debug|Any CPU.ActiveCfg = Debug|Any CPU
		{F8A9B0C1-D2E3-1F2A-5B6C-8D9E0F1A2B3C}.Debug|Any CPU.Build.0 = Debug|Any CPU
		{F8A9B0C1-D2E3-1F2A-5B6C-8D9E0F1A2B3C}.Release|Any CPU.ActiveCfg = Release|Any CPU
		{F8A9B0C1-D2E3-1F2A-5B6C-8D9E0F1A2B3C}.Release|Any CPU.Build.0 = Release|Any CPU
		{09B1C2D3-E3F4-2G3H-4I5J-6K7L8M9N0O1P}.Debug|Any CPU.ActiveCfg = Debug|Any CPU
		{09B1C2D3-E3F4-2G3H-4I5J-6K7L8M9N0O1P}.Debug|Any CPU.Build.0 = Debug|Any CPU
		{09B1C2D3-E3F4-2G3H-4I5J-6K7L8M9N0O1P}.Release|Any CPU.ActiveCfg = Release|Any CPU
		{09B1C2D3-E3F4-2G3H-4I5J-6K7L8M9N0O1P}.Release|Any CPU.Build.0 = Release|Any CPU
		{32F4G5G4D-1H3G-7E8I-2J6F-5G7H9I1B3D5F}.Debug|Any CPU.ActiveCfg = Debug|Any CPU
		{32F4G5G4D-1H3G-7E8I-2J6F-5G7H9I1B3D5F}.Debug|Any CPU.Build.0 = Debug|Any CPU
		{32F4G5G4D-1H3G-7E8I-2J6F-5G7H9I1B3D5F}.Release|Any CPU.ActiveCfg = Release|Any CPU
		{32F4G5G4D-1H3G-7E8I-2J6F-5G7H9I1B3D5F}.Release|Any CPU.Build.0 = Release|Any CPU
		{03A5E61B-011B-41B0-B37D-E481CCA80C89}.Debug|Any CPU.ActiveCfg = Debug|Any CPU
		{03A5E61B-011B-41B0-B37D-E481CCA80C89}.Debug|Any CPU.Build.0 = Debug|Any CPU
		{03A5E61B-011B-41B0-B37D-E481CCA80C89}.Release|Any CPU.ActiveCfg = Release|Any CPU
		{03A5E61B-011B-41B0-B37D-E481CCA80C89}.Release|Any CPU.Build.0 = Release|Any CPU
		{B8C15072-65B0-4C0B-890E-B9F8838B9794}.Debug|Any CPU.ActiveCfg = Debug|Any CPU
		{B8C15072-65B0-4C0B-890E-B9F8838B9794}.Debug|Any CPU.Build.0 = Debug|Any CPU
		{B8C15072-65B0-4C0B-890E-B9F8838B9794}.Release|Any CPU.ActiveCfg = Release|Any CPU
		{B8C15072-65B0-4C0B-890E-B9F8838B9794}.Release|Any CPU.Build.0 = Release|Any CPU
		{4F7EB85E-010A-4A6E-B5CE-5ACB5586897F}.Debug|Any CPU.ActiveCfg = Debug|Any CPU
		{4F7EB85E-010A-4A6E-B5CE-5ACB5586897F}.Debug|Any CPU.Build.0 = Debug|Any CPU
		{4F7EB85E-010A-4A6E-B5CE-5ACB5586897F}.Release|Any CPU.ActiveCfg = Release|Any CPU
		{4F7EB85E-010A-4A6E-B5CE-5ACB5586897F}.Release|Any CPU.Build.0 = Release|Any CPU
		{8E8B5D65-0BD2-4387-8585-9ACCFCC499E3}.Debug|Any CPU.ActiveCfg = Debug|Any CPU
		{8E8B5D65-0BD2-4387-8585-9ACCFCC499E3}.Debug|Any CPU.Build.0 = Debug|Any CPU
		{8E8B5D65-0BD2-4387-8585-9ACCFCC499E3}.Release|Any CPU.ActiveCfg = Release|Any CPU
		{8E8B5D65-0BD2-4387-8585-9ACCFCC499E3}.Release|Any CPU.Build.0 = Release|Any CPU
		{524521DF-AA6F-44D1-A96F-46FFF3ECFD0E}.Debug|Any CPU.ActiveCfg = Debug|Any CPU
		{524521DF-AA6F-44D1-A96F-46FFF3ECFD0E}.Debug|Any CPU.Build.0 = Debug|Any CPU
		{524521DF-AA6F-44D1-A96F-46FFF3ECFD0E}.Release|Any CPU.ActiveCfg = Release|Any CPU
		{524521DF-AA6F-44D1-A96F-46FFF3ECFD0E}.Release|Any CPU.Build.0 = Release|Any CPU
		{02676345-7AF4-4974-AEA4-3A4D7D1E78C3}.Debug|Any CPU.ActiveCfg = Debug|Any CPU
		{02676345-7AF4-4974-AEA4-3A4D7D1E78C3}.Debug|Any CPU.Build.0 = Debug|Any CPU
		{02676345-7AF4-4974-AEA4-3A4D7D1E78C3}.Release|Any CPU.ActiveCfg = Release|Any CPU
		{02676345-7AF4-4974-AEA4-3A4D7D1E78C3}.Release|Any CPU.Build.0 = Release|Any CPU
	EndGlobalSection
	GlobalSection(NestedProjects) = preSolution
		{A1B2C3D4-E5F6-4A5B-8C9D-1E2F3A4B5C6D} = {8B5F3E1A-7C9D-4A3E-8F2B-1D3C5E7F9A1B}
		{C3D4E5F6-A7B8-6C7D-0E1F-3A4B5C6D7E8F} = {8B5F3E1A-7C9D-4A3E-8F2B-1D3C5E7F9A1B}
		{D4E5F6A7-B8C9-7D8E-1F2A-4B5C6D7E8F9A} = {8B5F3E1A-7C9D-4A3E-8F2B-1D3C5E7F9A1B}
		{E5F6A7B8-C9D0-8E9F-2A3B-5C6D7E8F9A0B} = {8B5F3E1A-7C9D-4A3E-8F2B-1D3C5E7F9A1B}
		{F6A7B8C9-D0E1-9F0A-3B4C-6D7E8F9A0B1C} = {8B5F3E1A-7C9D-4A3E-8F2B-1D3C5E7F9A1B}
		{B8C9D0E1-F2A3-1B2C-5D6E-8F9A0B1C2D3E} = {8B5F3E1A-7C9D-4A3E-8F2B-1D3C5E7F9A1B}
		{C9D0E1F2-A3B4-2C3D-6E7F-9A0B1C2D3E4F} = {8B5F3E1A-7C9D-4A3E-8F2B-1D3C5E7F9A1B}
		{E1F2A3B4-C5D6-4E5F-8A9B-1C2D3E4F5A6B} = {8B5F3E1A-7C9D-4A3E-8F2B-1D3C5E7F9A1B}
		{A3B4C5D6-E7F8-6A7B-0C1D-3E4F5A6B7C8D} = {8B5F3E1A-7C9D-4A3E-8F2B-1D3C5E7F9A1B}
		{B4C5D6E7-F8A9-7B8C-1D2E-4F5A6B7C8D9E} = {8B5F3E1A-7C9D-4A3E-8F2B-1D3C5E7F9A1B}
		{D6E7F8A9-B0C1-9D0E-3F4A-6B7C8D9E0F1A} = {9C6F4F2B-8D0E-4B5F-9G3C-2E4D6F8A0B2C}
		{F8A9B0C1-D2E3-1F2A-5B6C-8D9E0F1A2B3C} = {9C6F4F2B-8D0E-4B5F-9G3C-2E4D6F8A0B2C}
		{09B1C2D3-E3F4-2G3H-4I5J-6K7L8M9N0O1P} = {9C6F4F2B-8D0E-4B5F-9G3C-2E4D6F8A0B2C}
		{32F4G5G4D-1H3G-7E8I-2J6F-5G7H9I1B3D5F} = {1E8H6H4D-0F2G-6D7H-1I5E-4G6F8H0A2D4E}
		{03A5E61B-011B-41B0-B37D-E481CCA80C89} = {8B5F3E1A-7C9D-4A3E-8F2B-1D3C5E7F9A1B}
		{B8C15072-65B0-4C0B-890E-B9F8838B9794} = {0D7G5G3C-9E1F-5C6G-0H4D-3F5E7G9B1C3D}
		{4F7EB85E-010A-4A6E-B5CE-5ACB5586897F} = {0D7G5G3C-9E1F-5C6G-0H4D-3F5E7G9B1C3D}
		{8E8B5D65-0BD2-4387-8585-9ACCFCC499E3} = {0D7G5G3C-9E1F-5C6G-0H4D-3F5E7G9B1C3D}
		{524521DF-AA6F-44D1-A96F-46FFF3ECFD0E} = {0D7G5G3C-9E1F-5C6G-0H4D-3F5E7G9B1C3D}
		{02676345-7AF4-4974-AEA4-3A4D7D1E78C3} = {0D7G5G3C-9E1F-5C6G-0H4D-3F5E7G9B1C3D}
	EndGlobalSection
EndGlobal
